
Microsoft Visual Studio Solution File, Format Version 12.00
# Visual Studio Version 17
VisualStudioVersion = 17.10.35122.118
MinimumVisualStudioVersion = 10.0.40219.1
Project("{9A19103F-16F7-4668-BE54-9A1E7A4F7556}") = "Dapper.Extensions.Expression", "Dapper.Extensions.Expression\Dapper.Extensions.Expression.csproj", "{F1C5380A-F8CB-42FF-A813-8CFECF4EF9CE}"
EndProject
Project("{9A19103F-16F7-4668-BE54-9A1E7A4F7556}") = "Dapper.Extensions.Expression.UnitTests", "Dapper.Expression.UnitTests\Dapper.Extensions.Expression.UnitTests.csproj", "{87111E5B-60B1-4D2E-903D-EFA28E2E83DE}"
EndProject
Project("{9A19103F-16F7-4668-BE54-9A1E7A4F7556}") = "Dapper.Extensions.Expression.WebTest", "Dapper.Extensions.Expression.WebTest\Dapper.Extensions.Expression.WebTest.csproj", "{040425FE-A3D0-435B-A8C8-B12D10038EAD}"
EndProject
Project("{9A19103F-16F7-4668-BE54-9A1E7A4F7556}") = "Dapper.Extensions.Expression.BenchmarkTest", "Dapper.Extensions.Expression.BenchmarkTest\Dapper.Extensions.Expression.BenchmarkTest.csproj", "{D89D3D19-BC25-422A-B44A-2D77B914A532}"
EndProject
Project("{FAE04EC0-301F-11D3-BF4B-00C04F79EFBC}") = "WebApplication1", "WebApplication1\WebApplication1.csproj", "{C48D0E44-481C-45F5-8071-EF8E330AE9B4}"
EndProject
Global
	GlobalSection(SolutionConfigurationPlatforms) = preSolution
		Debug|Any CPU = Debug|Any CPU
		Release|Any CPU = Release|Any CPU
	EndGlobalSection
	GlobalSection(ProjectConfigurationPlatforms) = postSolution
		{F1C5380A-F8CB-42FF-A813-8CFECF4EF9CE}.Debug|Any CPU.ActiveCfg = Debug|Any CPU
		{F1C5380A-F8CB-42FF-A813-8CFECF4EF9CE}.Debug|Any CPU.Build.0 = Debug|Any CPU
		{F1C5380A-F8CB-42FF-A813-8CFECF4EF9CE}.Release|Any CPU.ActiveCfg = Release|Any CPU
		{F1C5380A-F8CB-42FF-A813-8CFECF4EF9CE}.Release|Any CPU.Build.0 = Release|Any CPU
		{87111E5B-60B1-4D2E-903D-EFA28E2E83DE}.Debug|Any CPU.ActiveCfg = Debug|Any CPU
		{87111E5B-60B1-4D2E-903D-EFA28E2E83DE}.Debug|Any CPU.Build.0 = Debug|Any CPU
		{87111E5B-60B1-4D2E-903D-EFA28E2E83DE}.Release|Any CPU.ActiveCfg = Release|Any CPU
		{87111E5B-60B1-4D2E-903D-EFA28E2E83DE}.Release|Any CPU.Build.0 = Release|Any CPU
		{040425FE-A3D0-435B-A8C8-B12D10038EAD}.Debug|Any CPU.ActiveCfg = Debug|Any CPU
		{040425FE-A3D0-435B-A8C8-B12D10038EAD}.Debug|Any CPU.Build.0 = Debug|Any CPU
		{040425FE-A3D0-435B-A8C8-B12D10038EAD}.Release|Any CPU.ActiveCfg = Release|Any CPU
		{040425FE-A3D0-435B-A8C8-B12D10038EAD}.Release|Any CPU.Build.0 = Release|Any CPU
		{D89D3D19-BC25-422A-B44A-2D77B914A532}.Debug|Any CPU.ActiveCfg = Debug|Any CPU
		{D89D3D19-BC25-422A-B44A-2D77B914A532}.Debug|Any CPU.Build.0 = Debug|Any CPU
		{D89D3D19-BC25-422A-B44A-2D77B914A532}.Release|Any CPU.ActiveCfg = Release|Any CPU
		{D89D3D19-BC25-422A-B44A-2D77B914A532}.Release|Any CPU.Build.0 = Release|Any CPU
		{C48D0E44-481C-45F5-8071-EF8E330AE9B4}.Debug|Any CPU.ActiveCfg = Debug|Any CPU
		{C48D0E44-481C-45F5-8071-EF8E330AE9B4}.Debug|Any CPU.Build.0 = Debug|Any CPU
		{C48D0E44-481C-45F5-8071-EF8E330AE9B4}.Release|Any CPU.ActiveCfg = Release|Any CPU
		{C48D0E44-481C-45F5-8071-EF8E330AE9B4}.Release|Any CPU.Build.0 = Release|Any CPU
	EndGlobalSection
	GlobalSection(SolutionProperties) = preSolution
		HideSolutionNode = FALSE
	EndGlobalSection
	GlobalSection(ExtensibilityGlobals) = postSolution
		SolutionGuid = {AC8C1D2D-24B8-487E-8E64-0861A631A025}
	EndGlobalSection
EndGlobal
